
Microsoft Visual Studio Solution File, Format Version 12.00
# Visual Studio Version 17
VisualStudioVersion = 17.0.31903.59
MinimumVisualStudioVersion = 10.0.40219.1
Project("{9A19103F-16F7-4668-BE54-9A1E7A4F7556}") = "LenovoLegionToolkit.WPF", "LenovoLegionToolkit.WPF\LenovoLegionToolkit.WPF.csproj", "{DC01FDB3-CDCF-4D08-B87E-CCCAE5A24FF7}"
	ProjectSection(ProjectDependencies) = postProject
		{656AC74B-A298-4D0F-88CC-7CC7B5AB32C3} = {656AC74B-A298-4D0F-88CC-7CC7B5AB32C3}
	EndProjectSection
EndProject
Project("{9A19103F-16F7-4668-BE54-9A1E7A4F7556}") = "LenovoLegionToolkit.Lib", "LenovoLegionToolkit.Lib\LenovoLegionToolkit.Lib.csproj", "{4B902DDC-0EBE-44B3-A53B-5EA176C7522B}"
EndProject
Project("{9A19103F-16F7-4668-BE54-9A1E7A4F7556}") = "LenovoLegionToolkit.Lib.Automation", "LenovoLegionToolkit.Lib.Automation\LenovoLegionToolkit.Lib.Automation.csproj", "{CB52B339-4311-47C9-B9EB-23643F10BEC9}"
EndProject
Project("{9A19103F-16F7-4668-BE54-9A1E7A4F7556}") = "LenovoLegionToolkit.SpectrumTester", "LenovoLegionToolkit.SpectrumTester\LenovoLegionToolkit.SpectrumTester.csproj", "{BB54FD85-CB1C-401F-A520-02396718595C}"
EndProject
Project("{2150E333-8FDC-42A3-9474-1A3956D46DE8}") = "Tools", "Tools", "{CC081CCC-BA76-4603-8444-9F33C3DD2025}"
EndProject
Project("{9A19103F-16F7-4668-BE54-9A1E7A4F7556}") = "LenovoLegionToolkit.Lib.Macro", "LenovoLegionToolkit.Lib.Macro\LenovoLegionToolkit.Lib.Macro.csproj", "{AC885CE1-A229-4437-B969-266DB6516AD1}"
EndProject
Project("{9A19103F-16F7-4668-BE54-9A1E7A4F7556}") = "LenovoLegionToolkit.CLI", "LenovoLegionToolkit.CLI\LenovoLegionToolkit.CLI.csproj", "{656AC74B-A298-4D0F-88CC-7CC7B5AB32C3}"
EndProject
Project("{9A19103F-16F7-4668-BE54-9A1E7A4F7556}") = "LenovoLegionToolkit.CLI.Lib", "LenovoLegionToolkit.CLI.Lib\LenovoLegionToolkit.CLI.Lib.csproj", "{2C7AB13C-5877-459D-98F3-F91F88CE3216}"
EndProject
Project("{2150E333-8FDC-42A3-9474-1A3956D46DE8}") = "CLI", "CLI", "{F8070067-370A-4E50-898A-8E31A3D77569}"
EndProject
Project("{9A19103F-16F7-4668-BE54-9A1E7A4F7556}") = "LenovoLegionToolkit.Probe", "LenovoLegionToolkit.Probe\LenovoLegionToolkit.Probe.csproj", "{F638EB51-6BCB-4862-9604-CF83B35EFEE6}"
EndProject
Project("{C7167F0D-BC9F-4E6E-AFE1-012C56B48DB5}") = "LenovoLegionToolkit.LampArray", "LenovoLegionToolkit.LampArray\LenovoLegionToolkit.LampArray.wapproj", "{9CC83D12-4B50-4FF0-9231-6655CC94AE68}"
EndProject
Global
	GlobalSection(SolutionConfigurationPlatforms) = preSolution
		Debug|Any CPU = Debug|Any CPU
		Debug|ARM = Debug|ARM
		Debug|ARM64 = Debug|ARM64
		Debug|x64 = Debug|x64
		Debug|x86 = Debug|x86
		Release|Any CPU = Release|Any CPU
		Release|ARM = Release|ARM
		Release|ARM64 = Release|ARM64
		Release|x64 = Release|x64
		Release|x86 = Release|x86
	EndGlobalSection
	GlobalSection(ProjectConfigurationPlatforms) = postSolution
		{DC01FDB3-CDCF-4D08-B87E-CCCAE5A24FF7}.Debug|Any CPU.ActiveCfg = Debug|x64
		{DC01FDB3-CDCF-4D08-B87E-CCCAE5A24FF7}.Debug|Any CPU.Build.0 = Debug|x64
		{DC01FDB3-CDCF-4D08-B87E-CCCAE5A24FF7}.Debug|ARM.ActiveCfg = Debug|x64
		{DC01FDB3-CDCF-4D08-B87E-CCCAE5A24FF7}.Debug|ARM.Build.0 = Debug|x64
		{DC01FDB3-CDCF-4D08-B87E-CCCAE5A24FF7}.Debug|ARM64.ActiveCfg = Debug|x64
		{DC01FDB3-CDCF-4D08-B87E-CCCAE5A24FF7}.Debug|ARM64.Build.0 = Debug|x64
		{DC01FDB3-CDCF-4D08-B87E-CCCAE5A24FF7}.Debug|x64.ActiveCfg = Debug|x64
		{DC01FDB3-CDCF-4D08-B87E-CCCAE5A24FF7}.Debug|x64.Build.0 = Debug|x64
		{DC01FDB3-CDCF-4D08-B87E-CCCAE5A24FF7}.Debug|x86.ActiveCfg = Debug|x64
		{DC01FDB3-CDCF-4D08-B87E-CCCAE5A24FF7}.Debug|x86.Build.0 = Debug|x64
		{DC01FDB3-CDCF-4D08-B87E-CCCAE5A24FF7}.Release|Any CPU.ActiveCfg = Release|x64
		{DC01FDB3-CDCF-4D08-B87E-CCCAE5A24FF7}.Release|Any CPU.Build.0 = Release|x64
		{DC01FDB3-CDCF-4D08-B87E-CCCAE5A24FF7}.Release|ARM.ActiveCfg = Release|x64
		{DC01FDB3-CDCF-4D08-B87E-CCCAE5A24FF7}.Release|ARM.Build.0 = Release|x64
		{DC01FDB3-CDCF-4D08-B87E-CCCAE5A24FF7}.Release|ARM64.ActiveCfg = Release|x64
		{DC01FDB3-CDCF-4D08-B87E-CCCAE5A24FF7}.Release|ARM64.Build.0 = Release|x64
		{DC01FDB3-CDCF-4D08-B87E-CCCAE5A24FF7}.Release|x64.ActiveCfg = Release|x64
		{DC01FDB3-CDCF-4D08-B87E-CCCAE5A24FF7}.Release|x64.Build.0 = Release|x64
		{DC01FDB3-CDCF-4D08-B87E-CCCAE5A24FF7}.Release|x86.ActiveCfg = Release|x64
		{DC01FDB3-CDCF-4D08-B87E-CCCAE5A24FF7}.Release|x86.Build.0 = Release|x64
		{4B902DDC-0EBE-44B3-A53B-5EA176C7522B}.Debug|Any CPU.ActiveCfg = Debug|x64
		{4B902DDC-0EBE-44B3-A53B-5EA176C7522B}.Debug|Any CPU.Build.0 = Debug|x64
		{4B902DDC-0EBE-44B3-A53B-5EA176C7522B}.Debug|ARM.ActiveCfg = Debug|x64
		{4B902DDC-0EBE-44B3-A53B-5EA176C7522B}.Debug|ARM.Build.0 = Debug|x64
		{4B902DDC-0EBE-44B3-A53B-5EA176C7522B}.Debug|ARM64.ActiveCfg = Debug|x64
		{4B902DDC-0EBE-44B3-A53B-5EA176C7522B}.Debug|ARM64.Build.0 = Debug|x64
		{4B902DDC-0EBE-44B3-A53B-5EA176C7522B}.Debug|x64.ActiveCfg = Debug|x64
		{4B902DDC-0EBE-44B3-A53B-5EA176C7522B}.Debug|x64.Build.0 = Debug|x64
		{4B902DDC-0EBE-44B3-A53B-5EA176C7522B}.Debug|x86.ActiveCfg = Debug|x64
		{4B902DDC-0EBE-44B3-A53B-5EA176C7522B}.Debug|x86.Build.0 = Debug|x64
		{4B902DDC-0EBE-44B3-A53B-5EA176C7522B}.Release|Any CPU.ActiveCfg = Release|x64
		{4B902DDC-0EBE-44B3-A53B-5EA176C7522B}.Release|Any CPU.Build.0 = Release|x64
		{4B902DDC-0EBE-44B3-A53B-5EA176C7522B}.Release|ARM.ActiveCfg = Release|x64
		{4B902DDC-0EBE-44B3-A53B-5EA176C7522B}.Release|ARM.Build.0 = Release|x64
		{4B902DDC-0EBE-44B3-A53B-5EA176C7522B}.Release|ARM64.ActiveCfg = Release|x64
		{4B902DDC-0EBE-44B3-A53B-5EA176C7522B}.Release|ARM64.Build.0 = Release|x64
		{4B902DDC-0EBE-44B3-A53B-5EA176C7522B}.Release|x64.ActiveCfg = Release|x64
		{4B902DDC-0EBE-44B3-A53B-5EA176C7522B}.Release|x64.Build.0 = Release|x64
		{4B902DDC-0EBE-44B3-A53B-5EA176C7522B}.Release|x86.ActiveCfg = Release|x64
		{4B902DDC-0EBE-44B3-A53B-5EA176C7522B}.Release|x86.Build.0 = Release|x64
		{CB52B339-4311-47C9-B9EB-23643F10BEC9}.Debug|Any CPU.ActiveCfg = Debug|x64
		{CB52B339-4311-47C9-B9EB-23643F10BEC9}.Debug|Any CPU.Build.0 = Debug|x64
		{CB52B339-4311-47C9-B9EB-23643F10BEC9}.Debug|ARM.ActiveCfg = Debug|x64
		{CB52B339-4311-47C9-B9EB-23643F10BEC9}.Debug|ARM.Build.0 = Debug|x64
		{CB52B339-4311-47C9-B9EB-23643F10BEC9}.Debug|ARM64.ActiveCfg = Debug|x64
		{CB52B339-4311-47C9-B9EB-23643F10BEC9}.Debug|ARM64.Build.0 = Debug|x64
		{CB52B339-4311-47C9-B9EB-23643F10BEC9}.Debug|x64.ActiveCfg = Debug|x64
		{CB52B339-4311-47C9-B9EB-23643F10BEC9}.Debug|x64.Build.0 = Debug|x64
		{CB52B339-4311-47C9-B9EB-23643F10BEC9}.Debug|x86.ActiveCfg = Debug|x64
		{CB52B339-4311-47C9-B9EB-23643F10BEC9}.Debug|x86.Build.0 = Debug|x64
		{CB52B339-4311-47C9-B9EB-23643F10BEC9}.Release|Any CPU.ActiveCfg = Release|x64
		{CB52B339-4311-47C9-B9EB-23643F10BEC9}.Release|Any CPU.Build.0 = Release|x64
		{CB52B339-4311-47C9-B9EB-23643F10BEC9}.Release|ARM.ActiveCfg = Release|x64
		{CB52B339-4311-47C9-B9EB-23643F10BEC9}.Release|ARM.Build.0 = Release|x64
		{CB52B339-4311-47C9-B9EB-23643F10BEC9}.Release|ARM64.ActiveCfg = Release|x64
		{CB52B339-4311-47C9-B9EB-23643F10BEC9}.Release|ARM64.Build.0 = Release|x64
		{CB52B339-4311-47C9-B9EB-23643F10BEC9}.Release|x64.ActiveCfg = Release|x64
		{CB52B339-4311-47C9-B9EB-23643F10BEC9}.Release|x64.Build.0 = Release|x64
		{CB52B339-4311-47C9-B9EB-23643F10BEC9}.Release|x86.ActiveCfg = Release|x64
		{CB52B339-4311-47C9-B9EB-23643F10BEC9}.Release|x86.Build.0 = Release|x64
		{BB54FD85-CB1C-401F-A520-02396718595C}.Debug|Any CPU.ActiveCfg = Debug|x64
		{BB54FD85-CB1C-401F-A520-02396718595C}.Debug|Any CPU.Build.0 = Debug|x64
		{BB54FD85-CB1C-401F-A520-02396718595C}.Debug|ARM.ActiveCfg = Debug|x64
		{BB54FD85-CB1C-401F-A520-02396718595C}.Debug|ARM.Build.0 = Debug|x64
		{BB54FD85-CB1C-401F-A520-02396718595C}.Debug|ARM64.ActiveCfg = Debug|x64
		{BB54FD85-CB1C-401F-A520-02396718595C}.Debug|ARM64.Build.0 = Debug|x64
		{BB54FD85-CB1C-401F-A520-02396718595C}.Debug|x64.ActiveCfg = Debug|x64
		{BB54FD85-CB1C-401F-A520-02396718595C}.Debug|x64.Build.0 = Debug|x64
		{BB54FD85-CB1C-401F-A520-02396718595C}.Debug|x86.ActiveCfg = Debug|x64
		{BB54FD85-CB1C-401F-A520-02396718595C}.Debug|x86.Build.0 = Debug|x64
		{BB54FD85-CB1C-401F-A520-02396718595C}.Release|Any CPU.ActiveCfg = Release|x64
		{BB54FD85-CB1C-401F-A520-02396718595C}.Release|Any CPU.Build.0 = Release|x64
		{BB54FD85-CB1C-401F-A520-02396718595C}.Release|ARM.ActiveCfg = Release|x64
		{BB54FD85-CB1C-401F-A520-02396718595C}.Release|ARM.Build.0 = Release|x64
		{BB54FD85-CB1C-401F-A520-02396718595C}.Release|ARM64.ActiveCfg = Release|x64
		{BB54FD85-CB1C-401F-A520-02396718595C}.Release|ARM64.Build.0 = Release|x64
		{BB54FD85-CB1C-401F-A520-02396718595C}.Release|x64.ActiveCfg = Release|x64
		{BB54FD85-CB1C-401F-A520-02396718595C}.Release|x64.Build.0 = Release|x64
		{BB54FD85-CB1C-401F-A520-02396718595C}.Release|x86.ActiveCfg = Release|x64
		{BB54FD85-CB1C-401F-A520-02396718595C}.Release|x86.Build.0 = Release|x64
		{AC885CE1-A229-4437-B969-266DB6516AD1}.Debug|Any CPU.ActiveCfg = Debug|x64
		{AC885CE1-A229-4437-B969-266DB6516AD1}.Debug|Any CPU.Build.0 = Debug|x64
		{AC885CE1-A229-4437-B969-266DB6516AD1}.Debug|ARM.ActiveCfg = Debug|x64
		{AC885CE1-A229-4437-B969-266DB6516AD1}.Debug|ARM.Build.0 = Debug|x64
		{AC885CE1-A229-4437-B969-266DB6516AD1}.Debug|ARM64.ActiveCfg = Debug|x64
		{AC885CE1-A229-4437-B969-266DB6516AD1}.Debug|ARM64.Build.0 = Debug|x64
		{AC885CE1-A229-4437-B969-266DB6516AD1}.Debug|x64.ActiveCfg = Debug|x64
		{AC885CE1-A229-4437-B969-266DB6516AD1}.Debug|x64.Build.0 = Debug|x64
		{AC885CE1-A229-4437-B969-266DB6516AD1}.Debug|x86.ActiveCfg = Debug|x64
		{AC885CE1-A229-4437-B969-266DB6516AD1}.Debug|x86.Build.0 = Debug|x64
		{AC885CE1-A229-4437-B969-266DB6516AD1}.Release|Any CPU.ActiveCfg = Release|x64
		{AC885CE1-A229-4437-B969-266DB6516AD1}.Release|Any CPU.Build.0 = Release|x64
		{AC885CE1-A229-4437-B969-266DB6516AD1}.Release|ARM.ActiveCfg = Release|x64
		{AC885CE1-A229-4437-B969-266DB6516AD1}.Release|ARM.Build.0 = Release|x64
		{AC885CE1-A229-4437-B969-266DB6516AD1}.Release|ARM64.ActiveCfg = Release|x64
		{AC885CE1-A229-4437-B969-266DB6516AD1}.Release|ARM64.Build.0 = Release|x64
		{AC885CE1-A229-4437-B969-266DB6516AD1}.Release|x64.ActiveCfg = Release|x64
		{AC885CE1-A229-4437-B969-266DB6516AD1}.Release|x64.Build.0 = Release|x64
		{AC885CE1-A229-4437-B969-266DB6516AD1}.Release|x86.ActiveCfg = Release|x64
		{AC885CE1-A229-4437-B969-266DB6516AD1}.Release|x86.Build.0 = Release|x64
		{656AC74B-A298-4D0F-88CC-7CC7B5AB32C3}.Debug|Any CPU.ActiveCfg = Debug|x64
		{656AC74B-A298-4D0F-88CC-7CC7B5AB32C3}.Debug|Any CPU.Build.0 = Debug|x64
		{656AC74B-A298-4D0F-88CC-7CC7B5AB32C3}.Debug|ARM.ActiveCfg = Debug|x64
		{656AC74B-A298-4D0F-88CC-7CC7B5AB32C3}.Debug|ARM.Build.0 = Debug|x64
		{656AC74B-A298-4D0F-88CC-7CC7B5AB32C3}.Debug|ARM64.ActiveCfg = Debug|x64
		{656AC74B-A298-4D0F-88CC-7CC7B5AB32C3}.Debug|ARM64.Build.0 = Debug|x64
		{656AC74B-A298-4D0F-88CC-7CC7B5AB32C3}.Debug|x64.ActiveCfg = Debug|x64
		{656AC74B-A298-4D0F-88CC-7CC7B5AB32C3}.Debug|x64.Build.0 = Debug|x64
		{656AC74B-A298-4D0F-88CC-7CC7B5AB32C3}.Debug|x86.ActiveCfg = Debug|x64
		{656AC74B-A298-4D0F-88CC-7CC7B5AB32C3}.Debug|x86.Build.0 = Debug|x64
		{656AC74B-A298-4D0F-88CC-7CC7B5AB32C3}.Release|Any CPU.ActiveCfg = Release|x64
		{656AC74B-A298-4D0F-88CC-7CC7B5AB32C3}.Release|Any CPU.Build.0 = Release|x64
		{656AC74B-A298-4D0F-88CC-7CC7B5AB32C3}.Release|ARM.ActiveCfg = Release|x64
		{656AC74B-A298-4D0F-88CC-7CC7B5AB32C3}.Release|ARM.Build.0 = Release|x64
		{656AC74B-A298-4D0F-88CC-7CC7B5AB32C3}.Release|ARM64.ActiveCfg = Release|x64
		{656AC74B-A298-4D0F-88CC-7CC7B5AB32C3}.Release|ARM64.Build.0 = Release|x64
		{656AC74B-A298-4D0F-88CC-7CC7B5AB32C3}.Release|x64.ActiveCfg = Release|x64
		{656AC74B-A298-4D0F-88CC-7CC7B5AB32C3}.Release|x64.Build.0 = Release|x64
		{656AC74B-A298-4D0F-88CC-7CC7B5AB32C3}.Release|x86.ActiveCfg = Release|x64
		{656AC74B-A298-4D0F-88CC-7CC7B5AB32C3}.Release|x86.Build.0 = Release|x64
		{2C7AB13C-5877-459D-98F3-F91F88CE3216}.Debug|Any CPU.ActiveCfg = Debug|x64
		{2C7AB13C-5877-459D-98F3-F91F88CE3216}.Debug|Any CPU.Build.0 = Debug|x64
		{2C7AB13C-5877-459D-98F3-F91F88CE3216}.Debug|ARM.ActiveCfg = Debug|x64
		{2C7AB13C-5877-459D-98F3-F91F88CE3216}.Debug|ARM.Build.0 = Debug|x64
		{2C7AB13C-5877-459D-98F3-F91F88CE3216}.Debug|ARM64.ActiveCfg = Debug|x64
		{2C7AB13C-5877-459D-98F3-F91F88CE3216}.Debug|ARM64.Build.0 = Debug|x64
		{2C7AB13C-5877-459D-98F3-F91F88CE3216}.Debug|x64.ActiveCfg = Debug|x64
		{2C7AB13C-5877-459D-98F3-F91F88CE3216}.Debug|x64.Build.0 = Debug|x64
		{2C7AB13C-5877-459D-98F3-F91F88CE3216}.Debug|x86.ActiveCfg = Debug|x64
		{2C7AB13C-5877-459D-98F3-F91F88CE3216}.Debug|x86.Build.0 = Debug|x64
		{2C7AB13C-5877-459D-98F3-F91F88CE3216}.Release|Any CPU.ActiveCfg = Release|x64
		{2C7AB13C-5877-459D-98F3-F91F88CE3216}.Release|Any CPU.Build.0 = Release|x64
		{2C7AB13C-5877-459D-98F3-F91F88CE3216}.Release|ARM.ActiveCfg = Release|x64
		{2C7AB13C-5877-459D-98F3-F91F88CE3216}.Release|ARM.Build.0 = Release|x64
		{2C7AB13C-5877-459D-98F3-F91F88CE3216}.Release|ARM64.ActiveCfg = Release|x64
		{2C7AB13C-5877-459D-98F3-F91F88CE3216}.Release|ARM64.Build.0 = Release|x64
		{2C7AB13C-5877-459D-98F3-F91F88CE3216}.Release|x64.ActiveCfg = Release|x64
		{2C7AB13C-5877-459D-98F3-F91F88CE3216}.Release|x64.Build.0 = Release|x64
		{2C7AB13C-5877-459D-98F3-F91F88CE3216}.Release|x86.ActiveCfg = Release|x64
		{2C7AB13C-5877-459D-98F3-F91F88CE3216}.Release|x86.Build.0 = Release|x64
		{F638EB51-6BCB-4862-9604-CF83B35EFEE6}.Debug|Any CPU.ActiveCfg = Debug|x64
		{F638EB51-6BCB-4862-9604-CF83B35EFEE6}.Debug|Any CPU.Build.0 = Debug|x64
		{F638EB51-6BCB-4862-9604-CF83B35EFEE6}.Debug|ARM.ActiveCfg = Debug|x64
		{F638EB51-6BCB-4862-9604-CF83B35EFEE6}.Debug|ARM.Build.0 = Debug|x64
		{F638EB51-6BCB-4862-9604-CF83B35EFEE6}.Debug|ARM64.ActiveCfg = Debug|x64
		{F638EB51-6BCB-4862-9604-CF83B35EFEE6}.Debug|ARM64.Build.0 = Debug|x64
		{F638EB51-6BCB-4862-9604-CF83B35EFEE6}.Debug|x64.ActiveCfg = Debug|x64
		{F638EB51-6BCB-4862-9604-CF83B35EFEE6}.Debug|x64.Build.0 = Debug|x64
		{F638EB51-6BCB-4862-9604-CF83B35EFEE6}.Debug|x86.ActiveCfg = Debug|x64
		{F638EB51-6BCB-4862-9604-CF83B35EFEE6}.Debug|x86.Build.0 = Debug|x64
		{F638EB51-6BCB-4862-9604-CF83B35EFEE6}.Release|Any CPU.ActiveCfg = Release|x64
		{F638EB51-6BCB-4862-9604-CF83B35EFEE6}.Release|Any CPU.Build.0 = Release|x64
		{F638EB51-6BCB-4862-9604-CF83B35EFEE6}.Release|ARM.ActiveCfg = Release|x64
		{F638EB51-6BCB-4862-9604-CF83B35EFEE6}.Release|ARM.Build.0 = Release|x64
		{F638EB51-6BCB-4862-9604-CF83B35EFEE6}.Release|ARM64.ActiveCfg = Release|x64
		{F638EB51-6BCB-4862-9604-CF83B35EFEE6}.Release|ARM64.Build.0 = Release|x64
		{F638EB51-6BCB-4862-9604-CF83B35EFEE6}.Release|x64.ActiveCfg = Release|x64
		{F638EB51-6BCB-4862-9604-CF83B35EFEE6}.Release|x64.Build.0 = Release|x64
		{F638EB51-6BCB-4862-9604-CF83B35EFEE6}.Release|x86.ActiveCfg = Release|x64
		{F638EB51-6BCB-4862-9604-CF83B35EFEE6}.Release|x86.Build.0 = Release|x64
		{9CC83D12-4B50-4FF0-9231-6655CC94AE68}.Debug|Any CPU.ActiveCfg = Debug|Any CPU
		{9CC83D12-4B50-4FF0-9231-6655CC94AE68}.Debug|Any CPU.Build.0 = Debug|Any CPU
		{9CC83D12-4B50-4FF0-9231-6655CC94AE68}.Debug|Any CPU.Deploy.0 = Debug|Any CPU
		{9CC83D12-4B50-4FF0-9231-6655CC94AE68}.Debug|ARM.ActiveCfg = Debug|ARM
		{9CC83D12-4B50-4FF0-9231-6655CC94AE68}.Debug|ARM.Build.0 = Debug|ARM
		{9CC83D12-4B50-4FF0-9231-6655CC94AE68}.Debug|ARM.Deploy.0 = Debug|ARM
		{9CC83D12-4B50-4FF0-9231-6655CC94AE68}.Debug|ARM64.ActiveCfg = Debug|ARM64
		{9CC83D12-4B50-4FF0-9231-6655CC94AE68}.Debug|ARM64.Build.0 = Debug|ARM64
		{9CC83D12-4B50-4FF0-9231-6655CC94AE68}.Debug|ARM64.Deploy.0 = Debug|ARM64
		{9CC83D12-4B50-4FF0-9231-6655CC94AE68}.Debug|x64.ActiveCfg = Debug|x64
		{9CC83D12-4B50-4FF0-9231-6655CC94AE68}.Debug|x64.Build.0 = Debug|x64
		{9CC83D12-4B50-4FF0-9231-6655CC94AE68}.Debug|x64.Deploy.0 = Debug|x64
		{9CC83D12-4B50-4FF0-9231-6655CC94AE68}.Debug|x86.ActiveCfg = Debug|x86
		{9CC83D12-4B50-4FF0-9231-6655CC94AE68}.Debug|x86.Build.0 = Debug|x86
		{9CC83D12-4B50-4FF0-9231-6655CC94AE68}.Debug|x86.Deploy.0 = Debug|x86
		{9CC83D12-4B50-4FF0-9231-6655CC94AE68}.Release|Any CPU.ActiveCfg = Release|Any CPU
		{9CC83D12-4B50-4FF0-9231-6655CC94AE68}.Release|Any CPU.Build.0 = Release|Any CPU
		{9CC83D12-4B50-4FF0-9231-6655CC94AE68}.Release|Any CPU.Deploy.0 = Release|Any CPU
		{9CC83D12-4B50-4FF0-9231-6655CC94AE68}.Release|ARM.ActiveCfg = Release|ARM
		{9CC83D12-4B50-4FF0-9231-6655CC94AE68}.Release|ARM.Build.0 = Release|ARM
		{9CC83D12-4B50-4FF0-9231-6655CC94AE68}.Release|ARM.Deploy.0 = Release|ARM
		{9CC83D12-4B50-4FF0-9231-6655CC94AE68}.Release|ARM64.ActiveCfg = Release|ARM64
		{9CC83D12-4B50-4FF0-9231-6655CC94AE68}.Release|ARM64.Build.0 = Release|ARM64
		{9CC83D12-4B50-4FF0-9231-6655CC94AE68}.Release|ARM64.Deploy.0 = Release|ARM64
		{9CC83D12-4B50-4FF0-9231-6655CC94AE68}.Release|x64.ActiveCfg = Release|x64
		{9CC83D12-4B50-4FF0-9231-6655CC94AE68}.Release|x64.Build.0 = Release|x64
		{9CC83D12-4B50-4FF0-9231-6655CC94AE68}.Release|x64.Deploy.0 = Release|x64
		{9CC83D12-4B50-4FF0-9231-6655CC94AE68}.Release|x86.ActiveCfg = Release|x86
		{9CC83D12-4B50-4FF0-9231-6655CC94AE68}.Release|x86.Build.0 = Release|x86
		{9CC83D12-4B50-4FF0-9231-6655CC94AE68}.Release|x86.Deploy.0 = Release|x86
	EndGlobalSection
	GlobalSection(SolutionProperties) = preSolution
		HideSolutionNode = FALSE
	EndGlobalSection
	GlobalSection(NestedProjects) = preSolution
		{BB54FD85-CB1C-401F-A520-02396718595C} = {CC081CCC-BA76-4603-8444-9F33C3DD2025}
		{656AC74B-A298-4D0F-88CC-7CC7B5AB32C3} = {F8070067-370A-4E50-898A-8E31A3D77569}
		{2C7AB13C-5877-459D-98F3-F91F88CE3216} = {F8070067-370A-4E50-898A-8E31A3D77569}
		{F638EB51-6BCB-4862-9604-CF83B35EFEE6} = {CC081CCC-BA76-4603-8444-9F33C3DD2025}
	EndGlobalSection
	GlobalSection(ExtensibilityGlobals) = postSolution
		SolutionGuid = {DA77E337-1B57-4D70-B454-BE5EA6E618D6}
	EndGlobalSection
EndGlobal
